
Microsoft Visual Studio Solution File, Format Version 12.00
# Visual Studio Version 17
VisualStudioVersion = 17.1.32120.378
MinimumVisualStudioVersion = 10.0.40219.1
Project("{9A19103F-16F7-4668-BE54-9A1E7A4F7556}") = "Zune.Net.Commerce", "Zune.Net.Commerce\Zune.Net.Commerce.csproj", "{3297B690-51F7-41DB-BD16-67A80D7BC43A}"
EndProject
Project("{9A19103F-16F7-4668-BE54-9A1E7A4F7556}") = "Zune.Xml", "Zune.Xml\Zune.Xml.csproj", "{13503EFB-1391-46DC-B17C-EDB1370C99F0}"
EndProject
Project("{9A19103F-16F7-4668-BE54-9A1E7A4F7556}") = "Zune.Net.SocialApi", "Zune.Net.SocialApi\Zune.Net.SocialApi.csproj", "{D3C2CDFA-7843-44DF-9570-1FF1FF46D4CA}"
EndProject
Project("{9A19103F-16F7-4668-BE54-9A1E7A4F7556}") = "Atom", "Atom\Atom.csproj", "{73A36324-79B5-4000-8343-35662402A861}"
EndProject
Project("{9A19103F-16F7-4668-BE54-9A1E7A4F7556}") = "Zune.Net.Inbox", "Zune.Net.Inbox\Zune.Net.Inbox.csproj", "{D942BB56-4E85-4DA9-9480-DF38D17AAC11}"
EndProject
Project("{9A19103F-16F7-4668-BE54-9A1E7A4F7556}") = "Zune.DB", "Zune.DB\Zune.DB.csproj", "{76E797D9-F174-4417-9EE4-0A6B959A0BF5}"
EndProject
Project("{9A19103F-16F7-4668-BE54-9A1E7A4F7556}") = "Zune.DB.Console", "Zune.DB.Console\Zune.DB.Console.csproj", "{228D09C1-6477-47E1-B454-9AC07AD56AE6}"
EndProject
Project("{9A19103F-16F7-4668-BE54-9A1E7A4F7556}") = "Zune.Net.Catalog", "Zune.Net.Catalog\Zune.Net.Catalog.csproj", "{10D35234-8353-457B-9E39-6133055A0C01}"
EndProject
Project("{9A19103F-16F7-4668-BE54-9A1E7A4F7556}") = "Zune.Net.Shared", "Zune.Net.Shared\Zune.Net.Shared.csproj", "{C8FED104-7F7F-426E-B615-BADD447E31C9}"
EndProject
Project("{9A19103F-16F7-4668-BE54-9A1E7A4F7556}") = "Zune.Net.Tiles", "Zune.Net.Tiles\Zune.Net.Tiles.csproj", "{D587579A-6A6F-45CB-AE48-467BF3148A3A}"
EndProject
Project("{2150E333-8FDC-42A3-9474-1A3956D46DE8}") = "Backing", "Backing", "{17BB2AA9-D664-4055-9139-6828A1C23634}"
EndProject
Project("{9A19103F-16F7-4668-BE54-9A1E7A4F7556}") = "Zune.Net.Tuners", "Zune.Net.Tuners\Zune.Net.Tuners.csproj", "{3C35D0D2-2ED0-483F-9A5C-850CB2AA901B}"
EndProject
Project("{9A19103F-16F7-4668-BE54-9A1E7A4F7556}") = "Zune.Net.MetaServices", "Zune.Net.MetaServices\Zune.Net.MetaServices.csproj", "{4F6F227E-78CC-41E9-81CD-40123F6FB7E2}"
EndProject
Project("{9A19103F-16F7-4668-BE54-9A1E7A4F7556}") = "Zune.Net.Mix", "Zune.Net.Mix\Zune.Net.Mix.csproj", "{06792B14-C368-4249-9409-3EFBCB562DB2}"
EndProject
Project("{9A19103F-16F7-4668-BE54-9A1E7A4F7556}") = "Zune.Net.Login", "Zune.Net.Login\Zune.Net.Login.csproj", "{275266BE-7183-477E-B7AD-3A7FEA528A93}"
EndProject
Project("{9A19103F-16F7-4668-BE54-9A1E7A4F7556}") = "Zune.Net.Catalog.Image", "Zune.Net.Catalog.Image\Zune.Net.Catalog.Image.csproj", "{A9EDB333-EBDA-4C31-B88D-B675D38401C7}"
EndProject
Project("{9A19103F-16F7-4668-BE54-9A1E7A4F7556}") = "IF.Lastfm.Core", "Backing\lastfm\src\IF.Lastfm.Core\IF.Lastfm.Core.csproj", "{58C9A790-90E3-438C-97E8-B68E4EB80C87}"
EndProject
Project("{2150E333-8FDC-42A3-9474-1A3956D46DE8}") = "Solution Items", "Solution Items", "{1A627439-D620-4C7C-A79D-F7A6AB9D99D3}"
	ProjectSection(SolutionItems) = preProject
		Directory.Build.props = Directory.Build.props
	EndProjectSection
EndProject
Project("{FAE04EC0-301F-11D3-BF4B-00C04F79EFBC}") = "AppleMusicSharp", "Backing\AppleMusicSharp\AppleMusicSharp.csproj", "{CCC46068-7D2D-4FAE-BD30-BC8B2CE15888}"
EndProject
Project("{FAE04EC0-301F-11D3-BF4B-00C04F79EFBC}") = "MetaBrainz.ListenBrainz", "Backing\MetaBrainz.ListenBrainz\MetaBrainz.ListenBrainz\MetaBrainz.ListenBrainz.csproj", "{1BD6D313-83B0-4A74-9ABB-0D8ACDF3245F}"
EndProject
Global
	GlobalSection(SolutionConfigurationPlatforms) = preSolution
		Debug|Any CPU = Debug|Any CPU
		Release|Any CPU = Release|Any CPU
	EndGlobalSection
	GlobalSection(ProjectConfigurationPlatforms) = postSolution
		{3297B690-51F7-41DB-BD16-67A80D7BC43A}.Debug|Any CPU.ActiveCfg = Debug|Any CPU
		{3297B690-51F7-41DB-BD16-67A80D7BC43A}.Debug|Any CPU.Build.0 = Debug|Any CPU
		{3297B690-51F7-41DB-BD16-67A80D7BC43A}.Release|Any CPU.ActiveCfg = Release|Any CPU
		{3297B690-51F7-41DB-BD16-67A80D7BC43A}.Release|Any CPU.Build.0 = Release|Any CPU
		{13503EFB-1391-46DC-B17C-EDB1370C99F0}.Debug|Any CPU.ActiveCfg = Debug|Any CPU
		{13503EFB-1391-46DC-B17C-EDB1370C99F0}.Debug|Any CPU.Build.0 = Debug|Any CPU
		{13503EFB-1391-46DC-B17C-EDB1370C99F0}.Release|Any CPU.ActiveCfg = Release|Any CPU
		{13503EFB-1391-46DC-B17C-EDB1370C99F0}.Release|Any CPU.Build.0 = Release|Any CPU
		{D3C2CDFA-7843-44DF-9570-1FF1FF46D4CA}.Debug|Any CPU.ActiveCfg = Debug|Any CPU
		{D3C2CDFA-7843-44DF-9570-1FF1FF46D4CA}.Debug|Any CPU.Build.0 = Debug|Any CPU
		{D3C2CDFA-7843-44DF-9570-1FF1FF46D4CA}.Release|Any CPU.ActiveCfg = Release|Any CPU
		{D3C2CDFA-7843-44DF-9570-1FF1FF46D4CA}.Release|Any CPU.Build.0 = Release|Any CPU
		{73A36324-79B5-4000-8343-35662402A861}.Debug|Any CPU.ActiveCfg = Debug|Any CPU
		{73A36324-79B5-4000-8343-35662402A861}.Debug|Any CPU.Build.0 = Debug|Any CPU
		{73A36324-79B5-4000-8343-35662402A861}.Release|Any CPU.ActiveCfg = Release|Any CPU
		{73A36324-79B5-4000-8343-35662402A861}.Release|Any CPU.Build.0 = Release|Any CPU
		{D942BB56-4E85-4DA9-9480-DF38D17AAC11}.Debug|Any CPU.ActiveCfg = Debug|Any CPU
		{D942BB56-4E85-4DA9-9480-DF38D17AAC11}.Debug|Any CPU.Build.0 = Debug|Any CPU
		{D942BB56-4E85-4DA9-9480-DF38D17AAC11}.Release|Any CPU.ActiveCfg = Release|Any CPU
		{D942BB56-4E85-4DA9-9480-DF38D17AAC11}.Release|Any CPU.Build.0 = Release|Any CPU
		{76E797D9-F174-4417-9EE4-0A6B959A0BF5}.Debug|Any CPU.ActiveCfg = Debug|Any CPU
		{76E797D9-F174-4417-9EE4-0A6B959A0BF5}.Debug|Any CPU.Build.0 = Debug|Any CPU
		{76E797D9-F174-4417-9EE4-0A6B959A0BF5}.Release|Any CPU.ActiveCfg = Release|Any CPU
		{76E797D9-F174-4417-9EE4-0A6B959A0BF5}.Release|Any CPU.Build.0 = Release|Any CPU
		{228D09C1-6477-47E1-B454-9AC07AD56AE6}.Debug|Any CPU.ActiveCfg = Debug|Any CPU
		{228D09C1-6477-47E1-B454-9AC07AD56AE6}.Debug|Any CPU.Build.0 = Debug|Any CPU
		{228D09C1-6477-47E1-B454-9AC07AD56AE6}.Release|Any CPU.ActiveCfg = Release|Any CPU
		{228D09C1-6477-47E1-B454-9AC07AD56AE6}.Release|Any CPU.Build.0 = Release|Any CPU
		{10D35234-8353-457B-9E39-6133055A0C01}.Debug|Any CPU.ActiveCfg = Debug|Any CPU
		{10D35234-8353-457B-9E39-6133055A0C01}.Debug|Any CPU.Build.0 = Debug|Any CPU
		{10D35234-8353-457B-9E39-6133055A0C01}.Release|Any CPU.ActiveCfg = Release|Any CPU
		{10D35234-8353-457B-9E39-6133055A0C01}.Release|Any CPU.Build.0 = Release|Any CPU
		{C8FED104-7F7F-426E-B615-BADD447E31C9}.Debug|Any CPU.ActiveCfg = Debug|Any CPU
		{C8FED104-7F7F-426E-B615-BADD447E31C9}.Debug|Any CPU.Build.0 = Debug|Any CPU
		{C8FED104-7F7F-426E-B615-BADD447E31C9}.Release|Any CPU.ActiveCfg = Release|Any CPU
		{C8FED104-7F7F-426E-B615-BADD447E31C9}.Release|Any CPU.Build.0 = Release|Any CPU
		{D587579A-6A6F-45CB-AE48-467BF3148A3A}.Debug|Any CPU.ActiveCfg = Debug|Any CPU
		{D587579A-6A6F-45CB-AE48-467BF3148A3A}.Debug|Any CPU.Build.0 = Debug|Any CPU
		{D587579A-6A6F-45CB-AE48-467BF3148A3A}.Release|Any CPU.ActiveCfg = Release|Any CPU
		{D587579A-6A6F-45CB-AE48-467BF3148A3A}.Release|Any CPU.Build.0 = Release|Any CPU
		{3C35D0D2-2ED0-483F-9A5C-850CB2AA901B}.Debug|Any CPU.ActiveCfg = Debug|Any CPU
		{3C35D0D2-2ED0-483F-9A5C-850CB2AA901B}.Debug|Any CPU.Build.0 = Debug|Any CPU
		{3C35D0D2-2ED0-483F-9A5C-850CB2AA901B}.Release|Any CPU.ActiveCfg = Release|Any CPU
		{3C35D0D2-2ED0-483F-9A5C-850CB2AA901B}.Release|Any CPU.Build.0 = Release|Any CPU
		{4F6F227E-78CC-41E9-81CD-40123F6FB7E2}.Debug|Any CPU.ActiveCfg = Debug|Any CPU
		{4F6F227E-78CC-41E9-81CD-40123F6FB7E2}.Debug|Any CPU.Build.0 = Debug|Any CPU
		{4F6F227E-78CC-41E9-81CD-40123F6FB7E2}.Release|Any CPU.ActiveCfg = Release|Any CPU
		{4F6F227E-78CC-41E9-81CD-40123F6FB7E2}.Release|Any CPU.Build.0 = Release|Any CPU
		{06792B14-C368-4249-9409-3EFBCB562DB2}.Debug|Any CPU.ActiveCfg = Debug|Any CPU
		{06792B14-C368-4249-9409-3EFBCB562DB2}.Debug|Any CPU.Build.0 = Debug|Any CPU
		{06792B14-C368-4249-9409-3EFBCB562DB2}.Release|Any CPU.ActiveCfg = Release|Any CPU
		{06792B14-C368-4249-9409-3EFBCB562DB2}.Release|Any CPU.Build.0 = Release|Any CPU
		{275266BE-7183-477E-B7AD-3A7FEA528A93}.Debug|Any CPU.ActiveCfg = Debug|Any CPU
		{275266BE-7183-477E-B7AD-3A7FEA528A93}.Debug|Any CPU.Build.0 = Debug|Any CPU
		{275266BE-7183-477E-B7AD-3A7FEA528A93}.Release|Any CPU.ActiveCfg = Release|Any CPU
		{275266BE-7183-477E-B7AD-3A7FEA528A93}.Release|Any CPU.Build.0 = Release|Any CPU
		{A9EDB333-EBDA-4C31-B88D-B675D38401C7}.Debug|Any CPU.ActiveCfg = Debug|Any CPU
		{A9EDB333-EBDA-4C31-B88D-B675D38401C7}.Debug|Any CPU.Build.0 = Debug|Any CPU
		{A9EDB333-EBDA-4C31-B88D-B675D38401C7}.Release|Any CPU.ActiveCfg = Release|Any CPU
		{A9EDB333-EBDA-4C31-B88D-B675D38401C7}.Release|Any CPU.Build.0 = Release|Any CPU
		{58C9A790-90E3-438C-97E8-B68E4EB80C87}.Debug|Any CPU.ActiveCfg = Debug|Any CPU
		{58C9A790-90E3-438C-97E8-B68E4EB80C87}.Debug|Any CPU.Build.0 = Debug|Any CPU
		{58C9A790-90E3-438C-97E8-B68E4EB80C87}.Release|Any CPU.ActiveCfg = Release|Any CPU
		{58C9A790-90E3-438C-97E8-B68E4EB80C87}.Release|Any CPU.Build.0 = Release|Any CPU
		{CCC46068-7D2D-4FAE-BD30-BC8B2CE15888}.Debug|Any CPU.ActiveCfg = Debug|Any CPU
		{CCC46068-7D2D-4FAE-BD30-BC8B2CE15888}.Debug|Any CPU.Build.0 = Debug|Any CPU
		{CCC46068-7D2D-4FAE-BD30-BC8B2CE15888}.Release|Any CPU.ActiveCfg = Release|Any CPU
		{CCC46068-7D2D-4FAE-BD30-BC8B2CE15888}.Release|Any CPU.Build.0 = Release|Any CPU
		{1BD6D313-83B0-4A74-9ABB-0D8ACDF3245F}.Debug|Any CPU.ActiveCfg = Debug|Any CPU
		{1BD6D313-83B0-4A74-9ABB-0D8ACDF3245F}.Debug|Any CPU.Build.0 = Debug|Any CPU
		{1BD6D313-83B0-4A74-9ABB-0D8ACDF3245F}.Release|Any CPU.ActiveCfg = Debug|Any CPU
		{1BD6D313-83B0-4A74-9ABB-0D8ACDF3245F}.Release|Any CPU.Build.0 = Debug|Any CPU
	EndGlobalSection
	GlobalSection(SolutionProperties) = preSolution
		HideSolutionNode = FALSE
	EndGlobalSection
	GlobalSection(NestedProjects) = preSolution
		{13503EFB-1391-46DC-B17C-EDB1370C99F0} = {17BB2AA9-D664-4055-9139-6828A1C23634}
		{73A36324-79B5-4000-8343-35662402A861} = {17BB2AA9-D664-4055-9139-6828A1C23634}
		{76E797D9-F174-4417-9EE4-0A6B959A0BF5} = {17BB2AA9-D664-4055-9139-6828A1C23634}
		{228D09C1-6477-47E1-B454-9AC07AD56AE6} = {17BB2AA9-D664-4055-9139-6828A1C23634}
		{C8FED104-7F7F-426E-B615-BADD447E31C9} = {17BB2AA9-D664-4055-9139-6828A1C23634}
		{58C9A790-90E3-438C-97E8-B68E4EB80C87} = {17BB2AA9-D664-4055-9139-6828A1C23634}
		{CCC46068-7D2D-4FAE-BD30-BC8B2CE15888} = {17BB2AA9-D664-4055-9139-6828A1C23634}
		{1BD6D313-83B0-4A74-9ABB-0D8ACDF3245F} = {17BB2AA9-D664-4055-9139-6828A1C23634}
	EndGlobalSection
	GlobalSection(ExtensibilityGlobals) = postSolution
		SolutionGuid = {5B0D462F-33A1-4F5C-9959-52FC4FB337A6}
	EndGlobalSection
EndGlobal
